
Microsoft Visual Studio Solution File, Format Version 12.00
# Visual Studio Version 17
VisualStudioVersion = 17.9.34714.143
MinimumVisualStudioVersion = 10.0.40219.1
Project("{2150E333-8FDC-42A3-9474-1A3956D46DE8}") = "CartService", "CartService", "{184BC0C4-CA5C-48E7-91EF-8FB3F5A28CB6}"
EndProject
Project("{9A19103F-16F7-4668-BE54-9A1E7A4F7556}") = "CartServiceApp", "..\CartServiceApp\CartServiceApp.csproj", "{25821584-FF02-4B6D-9ED7-B8E7C7A6A447}"
EndProject
Project("{2150E333-8FDC-42A3-9474-1A3956D46DE8}") = "CatalogService", "CatalogService", "{4CD57EE2-1949-4EE4-8C04-AE647CB3ECC5}"
EndProject
Project("{9A19103F-16F7-4668-BE54-9A1E7A4F7556}") = "CatalogService.WebAPI", "..\CatalogService\CatalogService.WebAPI.csproj", "{97359D75-6AC8-40BA-A986-A4F5046F4653}"
EndProject
Project("{9A19103F-16F7-4668-BE54-9A1E7A4F7556}") = "CatalogService.Domain", "..\Domain\CatalogService.Domain.csproj", "{2556A965-9645-4C4B-B566-52986C0E35D3}"
EndProject
Project("{2150E333-8FDC-42A3-9474-1A3956D46DE8}") = "Core", "Core", "{F246213C-A9D1-4847-82A2-C54FF9039CC9}"
EndProject
Project("{9A19103F-16F7-4668-BE54-9A1E7A4F7556}") = "CatalogService.Application", "..\Application\CatalogService.Application.csproj", "{2C35BB37-8F27-4B4B-8375-6CDF3CC07001}"
EndProject
Project("{2150E333-8FDC-42A3-9474-1A3956D46DE8}") = "Infrastructure", "Infrastructure", "{86088FF3-3166-4BF5-9A00-707ABE8878E0}"
EndProject
Project("{9A19103F-16F7-4668-BE54-9A1E7A4F7556}") = "CatalogService.Persistence", "..\Infrastructure\CatalogService.Persistence.csproj", "{523E2B78-57E4-4606-8842-5746334C5F5B}"
EndProject
Project("{2150E333-8FDC-42A3-9474-1A3956D46DE8}") = "KafkaHost", "KafkaHost", "{6A7EA0B2-7364-4FFD-982B-62DF7C2E6248}"
EndProject
Project("{9A19103F-16F7-4668-BE54-9A1E7A4F7556}") = "KafkaDemo", "..\KafkaDemo\KafkaDemo.csproj", "{8213709A-3FDA-4E34-A7AE-9E297DC0E69C}"
EndProject
Project("{9A19103F-16F7-4668-BE54-9A1E7A4F7556}") = "CatalogService.Application.UnitTests", "..\CatalogService.Tests\CatalogService.Application.UnitTests.csproj", "{9604773A-E9D4-4388-9EAE-4025E4E13212}"
EndProject
Project("{2150E333-8FDC-42A3-9474-1A3956D46DE8}") = "Tests", "Tests", "{9AD1916E-25EE-4602-A065-7FF6F2850416}"
EndProject
Project("{2150E333-8FDC-42A3-9474-1A3956D46DE8}") = "IdentityServer", "IdentityServer", "{E0CD6A43-3A4C-493D-BBF2-1918C4E28654}"
EndProject
Project("{9A19103F-16F7-4668-BE54-9A1E7A4F7556}") = "CatalogService.Interactive", "CatalogService.InteractiveClientDuplicate\CatalogService.Interactive.csproj", "{5EA7C284-9BD2-400E-861C-68217C1F26D8}"
EndProject
Project("{9A19103F-16F7-4668-BE54-9A1E7A4F7556}") = "IdentityServerAspNetIdentity2", "..\IdentityServerAspNetIdentity2\IdentityServerAspNetIdentity2.csproj", "{AE877016-5844-44D0-8D90-7807571D4B28}"
EndProject
Project("{2150E333-8FDC-42A3-9474-1A3956D46DE8}") = "Solution Items", "Solution Items", "{D2B6A661-E3F8-4ACD-B5C1-4A40FCADEF9C}"
	ProjectSection(SolutionItems) = preProject
		.editorconfig = .editorconfig
	EndProjectSection
EndProject
Global
	GlobalSection(SolutionConfigurationPlatforms) = preSolution
		Debug|Any CPU = Debug|Any CPU
		Release|Any CPU = Release|Any CPU
	EndGlobalSection
	GlobalSection(ProjectConfigurationPlatforms) = postSolution
		{25821584-FF02-4B6D-9ED7-B8E7C7A6A447}.Debug|Any CPU.ActiveCfg = Debug|Any CPU
		{25821584-FF02-4B6D-9ED7-B8E7C7A6A447}.Debug|Any CPU.Build.0 = Debug|Any CPU
		{25821584-FF02-4B6D-9ED7-B8E7C7A6A447}.Release|Any CPU.ActiveCfg = Release|Any CPU
		{25821584-FF02-4B6D-9ED7-B8E7C7A6A447}.Release|Any CPU.Build.0 = Release|Any CPU
		{97359D75-6AC8-40BA-A986-A4F5046F4653}.Debug|Any CPU.ActiveCfg = Debug|Any CPU
		{97359D75-6AC8-40BA-A986-A4F5046F4653}.Debug|Any CPU.Build.0 = Debug|Any CPU
		{97359D75-6AC8-40BA-A986-A4F5046F4653}.Release|Any CPU.ActiveCfg = Release|Any CPU
		{97359D75-6AC8-40BA-A986-A4F5046F4653}.Release|Any CPU.Build.0 = Release|Any CPU
		{2556A965-9645-4C4B-B566-52986C0E35D3}.Debug|Any CPU.ActiveCfg = Debug|Any CPU
		{2556A965-9645-4C4B-B566-52986C0E35D3}.Debug|Any CPU.Build.0 = Debug|Any CPU
		{2556A965-9645-4C4B-B566-52986C0E35D3}.Release|Any CPU.ActiveCfg = Release|Any CPU
		{2556A965-9645-4C4B-B566-52986C0E35D3}.Release|Any CPU.Build.0 = Release|Any CPU
		{2C35BB37-8F27-4B4B-8375-6CDF3CC07001}.Debug|Any CPU.ActiveCfg = Debug|Any CPU
		{2C35BB37-8F27-4B4B-8375-6CDF3CC07001}.Debug|Any CPU.Build.0 = Debug|Any CPU
		{2C35BB37-8F27-4B4B-8375-6CDF3CC07001}.Release|Any CPU.ActiveCfg = Release|Any CPU
		{2C35BB37-8F27-4B4B-8375-6CDF3CC07001}.Release|Any CPU.Build.0 = Release|Any CPU
		{523E2B78-57E4-4606-8842-5746334C5F5B}.Debug|Any CPU.ActiveCfg = Debug|Any CPU
		{523E2B78-57E4-4606-8842-5746334C5F5B}.Debug|Any CPU.Build.0 = Debug|Any CPU
		{523E2B78-57E4-4606-8842-5746334C5F5B}.Release|Any CPU.ActiveCfg = Release|Any CPU
		{523E2B78-57E4-4606-8842-5746334C5F5B}.Release|Any CPU.Build.0 = Release|Any CPU
		{8213709A-3FDA-4E34-A7AE-9E297DC0E69C}.Debug|Any CPU.ActiveCfg = Debug|Any CPU
		{8213709A-3FDA-4E34-A7AE-9E297DC0E69C}.Debug|Any CPU.Build.0 = Debug|Any CPU
		{8213709A-3FDA-4E34-A7AE-9E297DC0E69C}.Release|Any CPU.ActiveCfg = Release|Any CPU
		{8213709A-3FDA-4E34-A7AE-9E297DC0E69C}.Release|Any CPU.Build.0 = Release|Any CPU
		{9604773A-E9D4-4388-9EAE-4025E4E13212}.Debug|Any CPU.ActiveCfg = Debug|Any CPU
		{9604773A-E9D4-4388-9EAE-4025E4E13212}.Debug|Any CPU.Build.0 = Debug|Any CPU
		{9604773A-E9D4-4388-9EAE-4025E4E13212}.Release|Any CPU.ActiveCfg = Release|Any CPU
		{9604773A-E9D4-4388-9EAE-4025E4E13212}.Release|Any CPU.Build.0 = Release|Any CPU
		{5EA7C284-9BD2-400E-861C-68217C1F26D8}.Debug|Any CPU.ActiveCfg = Debug|Any CPU
		{5EA7C284-9BD2-400E-861C-68217C1F26D8}.Debug|Any CPU.Build.0 = Debug|Any CPU
		{5EA7C284-9BD2-400E-861C-68217C1F26D8}.Release|Any CPU.ActiveCfg = Release|Any CPU
		{5EA7C284-9BD2-400E-861C-68217C1F26D8}.Release|Any CPU.Build.0 = Release|Any CPU
		{AE877016-5844-44D0-8D90-7807571D4B28}.Debug|Any CPU.ActiveCfg = Debug|Any CPU
		{AE877016-5844-44D0-8D90-7807571D4B28}.Debug|Any CPU.Build.0 = Debug|Any CPU
		{AE877016-5844-44D0-8D90-7807571D4B28}.Release|Any CPU.ActiveCfg = Release|Any CPU
		{AE877016-5844-44D0-8D90-7807571D4B28}.Release|Any CPU.Build.0 = Release|Any CPU
	EndGlobalSection
	GlobalSection(SolutionProperties) = preSolution
		HideSolutionNode = FALSE
	EndGlobalSection
	GlobalSection(NestedProjects) = preSolution
		{25821584-FF02-4B6D-9ED7-B8E7C7A6A447} = {184BC0C4-CA5C-48E7-91EF-8FB3F5A28CB6}
		{97359D75-6AC8-40BA-A986-A4F5046F4653} = {4CD57EE2-1949-4EE4-8C04-AE647CB3ECC5}
		{2556A965-9645-4C4B-B566-52986C0E35D3} = {F246213C-A9D1-4847-82A2-C54FF9039CC9}
		{F246213C-A9D1-4847-82A2-C54FF9039CC9} = {4CD57EE2-1949-4EE4-8C04-AE647CB3ECC5}
		{2C35BB37-8F27-4B4B-8375-6CDF3CC07001} = {F246213C-A9D1-4847-82A2-C54FF9039CC9}
		{86088FF3-3166-4BF5-9A00-707ABE8878E0} = {4CD57EE2-1949-4EE4-8C04-AE647CB3ECC5}
		{523E2B78-57E4-4606-8842-5746334C5F5B} = {86088FF3-3166-4BF5-9A00-707ABE8878E0}
		{8213709A-3FDA-4E34-A7AE-9E297DC0E69C} = {6A7EA0B2-7364-4FFD-982B-62DF7C2E6248}
		{9604773A-E9D4-4388-9EAE-4025E4E13212} = {9AD1916E-25EE-4602-A065-7FF6F2850416}
		{9AD1916E-25EE-4602-A065-7FF6F2850416} = {4CD57EE2-1949-4EE4-8C04-AE647CB3ECC5}
		{5EA7C284-9BD2-400E-861C-68217C1F26D8} = {4CD57EE2-1949-4EE4-8C04-AE647CB3ECC5}
		{AE877016-5844-44D0-8D90-7807571D4B28} = {E0CD6A43-3A4C-493D-BBF2-1918C4E28654}
	EndGlobalSection
	GlobalSection(ExtensibilityGlobals) = postSolution
		SolutionGuid = {07026881-06B6-46F8-B0F4-7F4D2A910E82}
	EndGlobalSection
EndGlobal
