
Microsoft Visual Studio Solution File, Format Version 12.00
# Visual Studio Version 17
VisualStudioVersion = 17.9.34714.143
MinimumVisualStudioVersion = 10.0.40219.1
Project("{FAE04EC0-301F-11D3-BF4B-00C04F79EFBC}") = "CatalogService", "CatalogService.csproj", "{25381316-EC44-4044-AF49-977410603EBF}"
EndProject
Project("{FAE04EC0-301F-11D3-BF4B-00C04F79EFBC}") = "CatalogService.Domain", "..\Domain\CatalogService.Domain.csproj", "{08AF4940-3B48-45E3-89C4-5718BEDCD7B9}"
EndProject
Project("{FAE04EC0-301F-11D3-BF4B-00C04F79EFBC}") = "CatalogService.Application", "..\Application\CatalogService.Application.csproj", "{DFC6DE3B-D0C2-46C7-B1DC-C9601ACB0654}"
EndProject
Project("{FAE04EC0-301F-11D3-BF4B-00C04F79EFBC}") = "CatalogService.Persistence", "..\Infrastructure\CatalogService.Persistence.csproj", "{A8FF1BB3-7C9B-452B-BAF3-A21D04348AC7}"
EndProject
Project("{2150E333-8FDC-42A3-9474-1A3956D46DE8}") = "Core", "Core", "{13304263-CF6C-43B5-ACE9-03A91AD2102C}"
EndProject
Project("{2150E333-8FDC-42A3-9474-1A3956D46DE8}") = "Infrastructure", "Infrastructure", "{19B8CD5D-4098-484A-BC26-06DB49958DC4}"
EndProject
Project("{FAE04EC0-301F-11D3-BF4B-00C04F79EFBC}") = "CatalogService.Application.UnitTests", "..\CatalogService.Tests\CatalogService.Application.UnitTests.csproj", "{F5D50C85-B5CE-412E-96B6-187A99338839}"
EndProject
Project("{2150E333-8FDC-42A3-9474-1A3956D46DE8}") = "Tests", "Tests", "{79BDA522-6CC5-4ABB-9214-5399D7E5AF85}"
EndProject
Project("{FAE04EC0-301F-11D3-BF4B-00C04F79EFBC}") = "CatalogService.IntegrationTests", "..\IntegrationTests\CatalogService.IntegrationTests.csproj", "{63345821-156F-491D-A579-0705546DDCB2}"
EndProject
Global
	GlobalSection(SolutionConfigurationPlatforms) = preSolution
		Debug|Any CPU = Debug|Any CPU
		Release|Any CPU = Release|Any CPU
	EndGlobalSection
	GlobalSection(ProjectConfigurationPlatforms) = postSolution
		{25381316-EC44-4044-AF49-977410603EBF}.Debug|Any CPU.ActiveCfg = Debug|Any CPU
		{25381316-EC44-4044-AF49-977410603EBF}.Debug|Any CPU.Build.0 = Debug|Any CPU
		{25381316-EC44-4044-AF49-977410603EBF}.Release|Any CPU.ActiveCfg = Release|Any CPU
		{25381316-EC44-4044-AF49-977410603EBF}.Release|Any CPU.Build.0 = Release|Any CPU
		{08AF4940-3B48-45E3-89C4-5718BEDCD7B9}.Debug|Any CPU.ActiveCfg = Debug|Any CPU
		{08AF4940-3B48-45E3-89C4-5718BEDCD7B9}.Debug|Any CPU.Build.0 = Debug|Any CPU
		{08AF4940-3B48-45E3-89C4-5718BEDCD7B9}.Release|Any CPU.ActiveCfg = Release|Any CPU
		{08AF4940-3B48-45E3-89C4-5718BEDCD7B9}.Release|Any CPU.Build.0 = Release|Any CPU
		{DFC6DE3B-D0C2-46C7-B1DC-C9601ACB0654}.Debug|Any CPU.ActiveCfg = Debug|Any CPU
		{DFC6DE3B-D0C2-46C7-B1DC-C9601ACB0654}.Debug|Any CPU.Build.0 = Debug|Any CPU
		{DFC6DE3B-D0C2-46C7-B1DC-C9601ACB0654}.Release|Any CPU.ActiveCfg = Release|Any CPU
		{DFC6DE3B-D0C2-46C7-B1DC-C9601ACB0654}.Release|Any CPU.Build.0 = Release|Any CPU
		{A8FF1BB3-7C9B-452B-BAF3-A21D04348AC7}.Debug|Any CPU.ActiveCfg = Debug|Any CPU
		{A8FF1BB3-7C9B-452B-BAF3-A21D04348AC7}.Debug|Any CPU.Build.0 = Debug|Any CPU
		{A8FF1BB3-7C9B-452B-BAF3-A21D04348AC7}.Release|Any CPU.ActiveCfg = Release|Any CPU
		{A8FF1BB3-7C9B-452B-BAF3-A21D04348AC7}.Release|Any CPU.Build.0 = Release|Any CPU
		{F5D50C85-B5CE-412E-96B6-187A99338839}.Debug|Any CPU.ActiveCfg = Debug|Any CPU
		{F5D50C85-B5CE-412E-96B6-187A99338839}.Debug|Any CPU.Build.0 = Debug|Any CPU
		{F5D50C85-B5CE-412E-96B6-187A99338839}.Release|Any CPU.ActiveCfg = Release|Any CPU
		{F5D50C85-B5CE-412E-96B6-187A99338839}.Release|Any CPU.Build.0 = Release|Any CPU
		{63345821-156F-491D-A579-0705546DDCB2}.Debug|Any CPU.ActiveCfg = Debug|Any CPU
		{63345821-156F-491D-A579-0705546DDCB2}.Debug|Any CPU.Build.0 = Debug|Any CPU
		{63345821-156F-491D-A579-0705546DDCB2}.Release|Any CPU.ActiveCfg = Release|Any CPU
		{63345821-156F-491D-A579-0705546DDCB2}.Release|Any CPU.Build.0 = Release|Any CPU
	EndGlobalSection
	GlobalSection(SolutionProperties) = preSolution
		HideSolutionNode = FALSE
	EndGlobalSection
	GlobalSection(NestedProjects) = preSolution
		{08AF4940-3B48-45E3-89C4-5718BEDCD7B9} = {13304263-CF6C-43B5-ACE9-03A91AD2102C}
		{DFC6DE3B-D0C2-46C7-B1DC-C9601ACB0654} = {13304263-CF6C-43B5-ACE9-03A91AD2102C}
		{A8FF1BB3-7C9B-452B-BAF3-A21D04348AC7} = {19B8CD5D-4098-484A-BC26-06DB49958DC4}
		{F5D50C85-B5CE-412E-96B6-187A99338839} = {79BDA522-6CC5-4ABB-9214-5399D7E5AF85}
		{63345821-156F-491D-A579-0705546DDCB2} = {79BDA522-6CC5-4ABB-9214-5399D7E5AF85}
	EndGlobalSection
	GlobalSection(ExtensibilityGlobals) = postSolution
		SolutionGuid = {75DBADBE-8A91-433D-9C9A-4A0AC015F2FC}
	EndGlobalSection
EndGlobal
